
Microsoft Visual Studio Solution File, Format Version 12.00
# Visual Studio Version 16
VisualStudioVersion = 16.0.30907.101
MinimumVisualStudioVersion = 10.0.40219.1
Project("{FAE04EC0-301F-11D3-BF4B-00C04F79EFBC}") = "Vesna2022", "Vesna2022\Vesna2022.csproj", "{38AA1223-016B-4962-8B6D-B7B1454B6634}"
EndProject
Global
	GlobalSection(SolutionConfigurationPlatforms) = preSolution
		Debug|Any CPU = Debug|Any CPU
		Release|Any CPU = Release|Any CPU
	EndGlobalSection
	GlobalSection(ProjectConfigurationPlatforms) = postSolution
		{38AA1223-016B-4962-8B6D-B7B1454B6634}.Debug|Any CPU.ActiveCfg = Debug|Any CPU
		{38AA1223-016B-4962-8B6D-B7B1454B6634}.Debug|Any CPU.Build.0 = Debug|Any CPU
		{38AA1223-016B-4962-8B6D-B7B1454B6634}.Release|Any CPU.ActiveCfg = Release|Any CPU
		{38AA1223-016B-4962-8B6D-B7B1454B6634}.Release|Any CPU.Build.0 = Release|Any CPU
	EndGlobalSection
	GlobalSection(SolutionProperties) = preSolution
		HideSolutionNode = FALSE
	EndGlobalSection
	GlobalSection(ExtensibilityGlobals) = postSolution
		SolutionGuid = {B50CA9C6-1EEA-49FD-A4E2-CDF51F8D31F1}
	EndGlobalSection
EndGlobal
